// !$*UTF8*$!
{
	archiveVersion = 1;
	classes = {
	};
	objectVersion = 55;
	objects = {

/* Begin PBXBuildFile section */
		9981992828002ECA00D9C6C1 /* AppDelegate.swift in Sources */ = {isa = PBXBuildFile; fileRef = 9981992728002ECA00D9C6C1 /* AppDelegate.swift */; };
		9981992A28002ECA00D9C6C1 /* SceneDelegate.swift in Sources */ = {isa = PBXBuildFile; fileRef = 9981992928002ECA00D9C6C1 /* SceneDelegate.swift */; };
		9981992C28002ECA00D9C6C1 /* ViewController.swift in Sources */ = {isa = PBXBuildFile; fileRef = 9981992B28002ECA00D9C6C1 /* ViewController.swift */; };
		9981992F28002ECA00D9C6C1 /* Main.storyboard in Resources */ = {isa = PBXBuildFile; fileRef = 9981992D28002ECA00D9C6C1 /* Main.storyboard */; };
		9981993228002ECA00D9C6C1 /* mandiriVIPER.xcdatamodeld in Sources */ = {isa = PBXBuildFile; fileRef = 9981993028002ECA00D9C6C1 /* mandiriVIPER.xcdatamodeld */; };
		9981993428002ECB00D9C6C1 /* Assets.xcassets in Resources */ = {isa = PBXBuildFile; fileRef = 9981993328002ECB00D9C6C1 /* Assets.xcassets */; };
		9981993728002ECB00D9C6C1 /* LaunchScreen.storyboard in Resources */ = {isa = PBXBuildFile; fileRef = 9981993528002ECB00D9C6C1 /* LaunchScreen.storyboard */; };
		9981994228002ECB00D9C6C1 /* mandiriVIPERTests.swift in Sources */ = {isa = PBXBuildFile; fileRef = 9981994128002ECB00D9C6C1 /* mandiriVIPERTests.swift */; };
		9981994C28002ECB00D9C6C1 /* mandiriVIPERUITests.swift in Sources */ = {isa = PBXBuildFile; fileRef = 9981994B28002ECB00D9C6C1 /* mandiriVIPERUITests.swift */; };
		9981994E28002ECB00D9C6C1 /* mandiriVIPERUITestsLaunchTests.swift in Sources */ = {isa = PBXBuildFile; fileRef = 9981994D28002ECB00D9C6C1 /* mandiriVIPERUITestsLaunchTests.swift */; };
		DFCEC5562801627C003A1008 /* APIConnect.swift in Sources */ = {isa = PBXBuildFile; fileRef = DFCEC5552801627C003A1008 /* APIConnect.swift */; };
		DFCEC5592801672E003A1008 /* MovieDB.swift in Sources */ = {isa = PBXBuildFile; fileRef = DFCEC5582801672E003A1008 /* MovieDB.swift */; };
/* End PBXBuildFile section */

/* Begin PBXContainerItemProxy section */
		9981993E28002ECB00D9C6C1 /* PBXContainerItemProxy */ = {
			isa = PBXContainerItemProxy;
			containerPortal = 9981991C28002EC900D9C6C1 /* Project object */;
			proxyType = 1;
			remoteGlobalIDString = 9981992328002EC900D9C6C1;
			remoteInfo = mandiriVIPER;
		};
		9981994828002ECB00D9C6C1 /* PBXContainerItemProxy */ = {
			isa = PBXContainerItemProxy;
			containerPortal = 9981991C28002EC900D9C6C1 /* Project object */;
			proxyType = 1;
			remoteGlobalIDString = 9981992328002EC900D9C6C1;
			remoteInfo = mandiriVIPER;
		};
/* End PBXContainerItemProxy section */

/* Begin PBXFileReference section */
		9981992428002EC900D9C6C1 /* mandiriVIPER.app */ = {isa = PBXFileReference; explicitFileType = wrapper.application; includeInIndex = 0; path = mandiriVIPER.app; sourceTree = BUILT_PRODUCTS_DIR; };
		9981992728002ECA00D9C6C1 /* AppDelegate.swift */ = {isa = PBXFileReference; lastKnownFileType = sourcecode.swift; path = AppDelegate.swift; sourceTree = "<group>"; };
		9981992928002ECA00D9C6C1 /* SceneDelegate.swift */ = {isa = PBXFileReference; lastKnownFileType = sourcecode.swift; path = SceneDelegate.swift; sourceTree = "<group>"; };
		9981992B28002ECA00D9C6C1 /* ViewController.swift */ = {isa = PBXFileReference; lastKnownFileType = sourcecode.swift; path = ViewController.swift; sourceTree = "<group>"; };
		9981992E28002ECA00D9C6C1 /* Base */ = {isa = PBXFileReference; lastKnownFileType = file.storyboard; name = Base; path = Base.lproj/Main.storyboard; sourceTree = "<group>"; };
		9981993128002ECA00D9C6C1 /* mandiriVIPER.xcdatamodel */ = {isa = PBXFileReference; lastKnownFileType = wrapper.xcdatamodel; path = mandiriVIPER.xcdatamodel; sourceTree = "<group>"; };
		9981993328002ECB00D9C6C1 /* Assets.xcassets */ = {isa = PBXFileReference; lastKnownFileType = folder.assetcatalog; path = Assets.xcassets; sourceTree = "<group>"; };
		9981993628002ECB00D9C6C1 /* Base */ = {isa = PBXFileReference; lastKnownFileType = file.storyboard; name = Base; path = Base.lproj/LaunchScreen.storyboard; sourceTree = "<group>"; };
		9981993828002ECB00D9C6C1 /* Info.plist */ = {isa = PBXFileReference; lastKnownFileType = text.plist.xml; path = Info.plist; sourceTree = "<group>"; };
		9981993D28002ECB00D9C6C1 /* mandiriVIPERTests.xctest */ = {isa = PBXFileReference; explicitFileType = wrapper.cfbundle; includeInIndex = 0; path = mandiriVIPERTests.xctest; sourceTree = BUILT_PRODUCTS_DIR; };
		9981994128002ECB00D9C6C1 /* mandiriVIPERTests.swift */ = {isa = PBXFileReference; lastKnownFileType = sourcecode.swift; path = mandiriVIPERTests.swift; sourceTree = "<group>"; };
		9981994728002ECB00D9C6C1 /* mandiriVIPERUITests.xctest */ = {isa = PBXFileReference; explicitFileType = wrapper.cfbundle; includeInIndex = 0; path = mandiriVIPERUITests.xctest; sourceTree = BUILT_PRODUCTS_DIR; };
		9981994B28002ECB00D9C6C1 /* mandiriVIPERUITests.swift */ = {isa = PBXFileReference; lastKnownFileType = sourcecode.swift; path = mandiriVIPERUITests.swift; sourceTree = "<group>"; };
		9981994D28002ECB00D9C6C1 /* mandiriVIPERUITestsLaunchTests.swift */ = {isa = PBXFileReference; lastKnownFileType = sourcecode.swift; path = mandiriVIPERUITestsLaunchTests.swift; sourceTree = "<group>"; };
		DFCEC5552801627C003A1008 /* APIConnect.swift */ = {isa = PBXFileReference; lastKnownFileType = sourcecode.swift; path = APIConnect.swift; sourceTree = "<group>"; };
		DFCEC5582801672E003A1008 /* MovieDB.swift */ = {isa = PBXFileReference; lastKnownFileType = sourcecode.swift; path = MovieDB.swift; sourceTree = "<group>"; };
/* End PBXFileReference section */

/* Begin PBXFrameworksBuildPhase section */
		9981992128002EC900D9C6C1 /* Frameworks */ = {
			isa = PBXFrameworksBuildPhase;
			buildActionMask = 2147483647;
			files = (
			);
			runOnlyForDeploymentPostprocessing = 0;
		};
		9981993A28002ECB00D9C6C1 /* Frameworks */ = {
			isa = PBXFrameworksBuildPhase;
			buildActionMask = 2147483647;
			files = (
			);
			runOnlyForDeploymentPostprocessing = 0;
		};
		9981994428002ECB00D9C6C1 /* Frameworks */ = {
			isa = PBXFrameworksBuildPhase;
			buildActionMask = 2147483647;
			files = (
			);
			runOnlyForDeploymentPostprocessing = 0;
		};
/* End PBXFrameworksBuildPhase section */

/* Begin PBXGroup section */
		9981991B28002EC900D9C6C1 = {
			isa = PBXGroup;
			children = (
				9981992628002EC900D9C6C1 /* mandiriVIPER */,
				9981994028002ECB00D9C6C1 /* mandiriVIPERTests */,
				9981994A28002ECB00D9C6C1 /* mandiriVIPERUITests */,
				9981992528002EC900D9C6C1 /* Products */,
			);
			sourceTree = "<group>";
		};
		9981992528002EC900D9C6C1 /* Products */ = {
			isa = PBXGroup;
			children = (
				9981992428002EC900D9C6C1 /* mandiriVIPER.app */,
				9981993D28002ECB00D9C6C1 /* mandiriVIPERTests.xctest */,
				9981994728002ECB00D9C6C1 /* mandiriVIPERUITests.xctest */,
			);
			name = Products;
			sourceTree = "<group>";
		};
		9981992628002EC900D9C6C1 /* mandiriVIPER */ = {
			isa = PBXGroup;
			children = (
				DFCEC5572801671B003A1008 /* Model */,
				DFCEC55428016257003A1008 /* Network */,
				9981992728002ECA00D9C6C1 /* AppDelegate.swift */,
				9981992928002ECA00D9C6C1 /* SceneDelegate.swift */,
				9981992B28002ECA00D9C6C1 /* ViewController.swift */,
				9981992D28002ECA00D9C6C1 /* Main.storyboard */,
				9981993328002ECB00D9C6C1 /* Assets.xcassets */,
				9981993528002ECB00D9C6C1 /* LaunchScreen.storyboard */,
				9981993828002ECB00D9C6C1 /* Info.plist */,
				9981993028002ECA00D9C6C1 /* mandiriVIPER.xcdatamodeld */,
			);
			path = mandiriVIPER;
			sourceTree = "<group>";
		};
		9981994028002ECB00D9C6C1 /* mandiriVIPERTests */ = {
			isa = PBXGroup;
			children = (
				9981994128002ECB00D9C6C1 /* mandiriVIPERTests.swift */,
			);
			path = mandiriVIPERTests;
			sourceTree = "<group>";
		};
		9981994A28002ECB00D9C6C1 /* mandiriVIPERUITests */ = {
			isa = PBXGroup;
			children = (
				9981994B28002ECB00D9C6C1 /* mandiriVIPERUITests.swift */,
				9981994D28002ECB00D9C6C1 /* mandiriVIPERUITestsLaunchTests.swift */,
			);
			path = mandiriVIPERUITests;
			sourceTree = "<group>";
		};
		DFCEC55428016257003A1008 /* Network */ = {
			isa = PBXGroup;
			children = (
				DFCEC5552801627C003A1008 /* APIConnect.swift */,
			);
			path = Network;
			sourceTree = "<group>";
		};
		DFCEC5572801671B003A1008 /* Model */ = {
			isa = PBXGroup;
			children = (
				DFCEC5582801672E003A1008 /* MovieDB.swift */,
			);
			path = Model;
			sourceTree = "<group>";
		};
/* End PBXGroup section */

/* Begin PBXNativeTarget section */
		9981992328002EC900D9C6C1 /* mandiriVIPER */ = {
			isa = PBXNativeTarget;
			buildConfigurationList = 9981995128002ECB00D9C6C1 /* Build configuration list for PBXNativeTarget "mandiriVIPER" */;
			buildPhases = (
				9981992028002EC900D9C6C1 /* Sources */,
				9981992128002EC900D9C6C1 /* Frameworks */,
				9981992228002EC900D9C6C1 /* Resources */,
			);
			buildRules = (
			);
			dependencies = (
			);
			name = mandiriVIPER;
			productName = mandiriVIPER;
			productReference = 9981992428002EC900D9C6C1 /* mandiriVIPER.app */;
			productType = "com.apple.product-type.application";
		};
		9981993C28002ECB00D9C6C1 /* mandiriVIPERTests */ = {
			isa = PBXNativeTarget;
			buildConfigurationList = 9981995428002ECB00D9C6C1 /* Build configuration list for PBXNativeTarget "mandiriVIPERTests" */;
			buildPhases = (
				9981993928002ECB00D9C6C1 /* Sources */,
				9981993A28002ECB00D9C6C1 /* Frameworks */,
				9981993B28002ECB00D9C6C1 /* Resources */,
			);
			buildRules = (
			);
			dependencies = (
				9981993F28002ECB00D9C6C1 /* PBXTargetDependency */,
			);
			name = mandiriVIPERTests;
			productName = mandiriVIPERTests;
			productReference = 9981993D28002ECB00D9C6C1 /* mandiriVIPERTests.xctest */;
			productType = "com.apple.product-type.bundle.unit-test";
		};
		9981994628002ECB00D9C6C1 /* mandiriVIPERUITests */ = {
			isa = PBXNativeTarget;
			buildConfigurationList = 9981995728002ECB00D9C6C1 /* Build configuration list for PBXNativeTarget "mandiriVIPERUITests" */;
			buildPhases = (
				9981994328002ECB00D9C6C1 /* Sources */,
				9981994428002ECB00D9C6C1 /* Frameworks */,
				9981994528002ECB00D9C6C1 /* Resources */,
			);
			buildRules = (
			);
			dependencies = (
				9981994928002ECB00D9C6C1 /* PBXTargetDependency */,
			);
			name = mandiriVIPERUITests;
			productName = mandiriVIPERUITests;
			productReference = 9981994728002ECB00D9C6C1 /* mandiriVIPERUITests.xctest */;
			productType = "com.apple.product-type.bundle.ui-testing";
		};
/* End PBXNativeTarget section */

/* Begin PBXProject section */
		9981991C28002EC900D9C6C1 /* Project object */ = {
			isa = PBXProject;
			attributes = {
				BuildIndependentTargetsInParallel = 1;
				LastSwiftUpdateCheck = 1320;
				LastUpgradeCheck = 1320;
				TargetAttributes = {
					9981992328002EC900D9C6C1 = {
						CreatedOnToolsVersion = 13.2.1;
					};
					9981993C28002ECB00D9C6C1 = {
						CreatedOnToolsVersion = 13.2.1;
						TestTargetID = 9981992328002EC900D9C6C1;
					};
					9981994628002ECB00D9C6C1 = {
						CreatedOnToolsVersion = 13.2.1;
						TestTargetID = 9981992328002EC900D9C6C1;
					};
				};
			};
			buildConfigurationList = 9981991F28002EC900D9C6C1 /* Build configuration list for PBXProject "mandiriVIPER" */;
			compatibilityVersion = "Xcode 13.0";
			developmentRegion = en;
			hasScannedForEncodings = 0;
			knownRegions = (
				en,
				Base,
			);
			mainGroup = 9981991B28002EC900D9C6C1;
			productRefGroup = 9981992528002EC900D9C6C1 /* Products */;
			projectDirPath = "";
			projectRoot = "";
			targets = (
				9981992328002EC900D9C6C1 /* mandiriVIPER */,
				9981993C28002ECB00D9C6C1 /* mandiriVIPERTests */,
				9981994628002ECB00D9C6C1 /* mandiriVIPERUITests */,
			);
		};
/* End PBXProject section */

/* Begin PBXResourcesBuildPhase section */
		9981992228002EC900D9C6C1 /* Resources */ = {
			isa = PBXResourcesBuildPhase;
			buildActionMask = 2147483647;
			files = (
				9981993728002ECB00D9C6C1 /* LaunchScreen.storyboard in Resources */,
				9981993428002ECB00D9C6C1 /* Assets.xcassets in Resources */,
				9981992F28002ECA00D9C6C1 /* Main.storyboard in Resources */,
			);
			runOnlyForDeploymentPostprocessing = 0;
		};
		9981993B28002ECB00D9C6C1 /* Resources */ = {
			isa = PBXResourcesBuildPhase;
			buildActionMask = 2147483647;
			files = (
			);
			runOnlyForDeploymentPostprocessing = 0;
		};
		9981994528002ECB00D9C6C1 /* Resources */ = {
			isa = PBXResourcesBuildPhase;
			buildActionMask = 2147483647;
			files = (
			);
			runOnlyForDeploymentPostprocessing = 0;
		};
/* End PBXResourcesBuildPhase section */

/* Begin PBXSourcesBuildPhase section */
		9981992028002EC900D9C6C1 /* Sources */ = {
			isa = PBXSourcesBuildPhase;
			buildActionMask = 2147483647;
			files = (
				DFCEC5592801672E003A1008 /* MovieDB.swift in Sources */,
				DFCEC5562801627C003A1008 /* APIConnect.swift in Sources */,
				9981992C28002ECA00D9C6C1 /* ViewController.swift in Sources */,
				9981992828002ECA00D9C6C1 /* AppDelegate.swift in Sources */,
				9981992A28002ECA00D9C6C1 /* SceneDelegate.swift in Sources */,
				9981993228002ECA00D9C6C1 /* mandiriVIPER.xcdatamodeld in Sources */,
			);
			runOnlyForDeploymentPostprocessing = 0;
		};
		9981993928002ECB00D9C6C1 /* Sources */ = {
			isa = PBXSourcesBuildPhase;
			buildActionMask = 2147483647;
			files = (
				9981994228002ECB00D9C6C1 /* mandiriVIPERTests.swift in Sources */,
			);
			runOnlyForDeploymentPostprocessing = 0;
		};
		9981994328002ECB00D9C6C1 /* Sources */ = {
			isa = PBXSourcesBuildPhase;
			buildActionMask = 2147483647;
			files = (
				9981994E28002ECB00D9C6C1 /* mandiriVIPERUITestsLaunchTests.swift in Sources */,
				9981994C28002ECB00D9C6C1 /* mandiriVIPERUITests.swift in Sources */,
			);
			runOnlyForDeploymentPostprocessing = 0;
		};
/* End PBXSourcesBuildPhase section */

/* Begin PBXTargetDependency section */
		9981993F28002ECB00D9C6C1 /* PBXTargetDependency */ = {
			isa = PBXTargetDependency;
			target = 9981992328002EC900D9C6C1 /* mandiriVIPER */;
			targetProxy = 9981993E28002ECB00D9C6C1 /* PBXContainerItemProxy */;
		};
		9981994928002ECB00D9C6C1 /* PBXTargetDependency */ = {
			isa = PBXTargetDependency;
			target = 9981992328002EC900D9C6C1 /* mandiriVIPER */;
			targetProxy = 9981994828002ECB00D9C6C1 /* PBXContainerItemProxy */;
		};
/* End PBXTargetDependency section */

/* Begin PBXVariantGroup section */
		9981992D28002ECA00D9C6C1 /* Main.storyboard */ = {
			isa = PBXVariantGroup;
			children = (
				9981992E28002ECA00D9C6C1 /* Base */,
			);
			name = Main.storyboard;
			sourceTree = "<group>";
		};
		9981993528002ECB00D9C6C1 /* LaunchScreen.storyboard */ = {
			isa = PBXVariantGroup;
			children = (
				9981993628002ECB00D9C6C1 /* Base */,
			);
			name = LaunchScreen.storyboard;
			sourceTree = "<group>";
		};
/* End PBXVariantGroup section */

/* Begin XCBuildConfiguration section */
		9981994F28002ECB00D9C6C1 /* Debug */ = {
			isa = XCBuildConfiguration;
			buildSettings = {
				ALWAYS_SEARCH_USER_PATHS = NO;
				CLANG_ANALYZER_NONNULL = YES;
				CLANG_ANALYZER_NUMBER_OBJECT_CONVERSION = YES_AGGRESSIVE;
				CLANG_CXX_LANGUAGE_STANDARD = "gnu++17";
				CLANG_CXX_LIBRARY = "libc++";
				CLANG_ENABLE_MODULES = YES;
				CLANG_ENABLE_OBJC_ARC = YES;
				CLANG_ENABLE_OBJC_WEAK = YES;
				CLANG_WARN_BLOCK_CAPTURE_AUTORELEASING = YES;
				CLANG_WARN_BOOL_CONVERSION = YES;
				CLANG_WARN_COMMA = YES;
				CLANG_WARN_CONSTANT_CONVERSION = YES;
				CLANG_WARN_DEPRECATED_OBJC_IMPLEMENTATIONS = YES;
				CLANG_WARN_DIRECT_OBJC_ISA_USAGE = YES_ERROR;
				CLANG_WARN_DOCUMENTATION_COMMENTS = YES;
				CLANG_WARN_EMPTY_BODY = YES;
				CLANG_WARN_ENUM_CONVERSION = YES;
				CLANG_WARN_INFINITE_RECURSION = YES;
				CLANG_WARN_INT_CONVERSION = YES;
				CLANG_WARN_NON_LITERAL_NULL_CONVERSION = YES;
				CLANG_WARN_OBJC_IMPLICIT_RETAIN_SELF = YES;
				CLANG_WARN_OBJC_LITERAL_CONVERSION = YES;
				CLANG_WARN_OBJC_ROOT_CLASS = YES_ERROR;
				CLANG_WARN_QUOTED_INCLUDE_IN_FRAMEWORK_HEADER = YES;
				CLANG_WARN_RANGE_LOOP_ANALYSIS = YES;
				CLANG_WARN_STRICT_PROTOTYPES = YES;
				CLANG_WARN_SUSPICIOUS_MOVE = YES;
				CLANG_WARN_UNGUARDED_AVAILABILITY = YES_AGGRESSIVE;
				CLANG_WARN_UNREACHABLE_CODE = YES;
				CLANG_WARN__DUPLICATE_METHOD_MATCH = YES;
				COPY_PHASE_STRIP = NO;
				DEBUG_INFORMATION_FORMAT = dwarf;
				ENABLE_STRICT_OBJC_MSGSEND = YES;
				ENABLE_TESTABILITY = YES;
				GCC_C_LANGUAGE_STANDARD = gnu11;
				GCC_DYNAMIC_NO_PIC = NO;
				GCC_NO_COMMON_BLOCKS = YES;
				GCC_OPTIMIZATION_LEVEL = 0;
				GCC_PREPROCESSOR_DEFINITIONS = (
					"DEBUG=1",
					"$(inherited)",
				);
				GCC_WARN_64_TO_32_BIT_CONVERSION = YES;
				GCC_WARN_ABOUT_RETURN_TYPE = YES_ERROR;
				GCC_WARN_UNDECLARED_SELECTOR = YES;
				GCC_WARN_UNINITIALIZED_AUTOS = YES_AGGRESSIVE;
				GCC_WARN_UNUSED_FUNCTION = YES;
				GCC_WARN_UNUSED_VARIABLE = YES;
				IPHONEOS_DEPLOYMENT_TARGET = 15.2;
				MTL_ENABLE_DEBUG_INFO = INCLUDE_SOURCE;
				MTL_FAST_MATH = YES;
				ONLY_ACTIVE_ARCH = YES;
				SDKROOT = iphoneos;
				SWIFT_ACTIVE_COMPILATION_CONDITIONS = DEBUG;
				SWIFT_OPTIMIZATION_LEVEL = "-Onone";
			};
			name = Debug;
		};
		9981995028002ECB00D9C6C1 /* Release */ = {
			isa = XCBuildConfiguration;
			buildSettings = {
				ALWAYS_SEARCH_USER_PATHS = NO;
				CLANG_ANALYZER_NONNULL = YES;
				CLANG_ANALYZER_NUMBER_OBJECT_CONVERSION = YES_AGGRESSIVE;
				CLANG_CXX_LANGUAGE_STANDARD = "gnu++17";
				CLANG_CXX_LIBRARY = "libc++";
				CLANG_ENABLE_MODULES = YES;
				CLANG_ENABLE_OBJC_ARC = YES;
				CLANG_ENABLE_OBJC_WEAK = YES;
				CLANG_WARN_BLOCK_CAPTURE_AUTORELEASING = YES;
				CLANG_WARN_BOOL_CONVERSION = YES;
				CLANG_WARN_COMMA = YES;
				CLANG_WARN_CONSTANT_CONVERSION = YES;
				CLANG_WARN_DEPRECATED_OBJC_IMPLEMENTATIONS = YES;
				CLANG_WARN_DIRECT_OBJC_ISA_USAGE = YES_ERROR;
				CLANG_WARN_DOCUMENTATION_COMMENTS = YES;
				CLANG_WARN_EMPTY_BODY = YES;
				CLANG_WARN_ENUM_CONVERSION = YES;
				CLANG_WARN_INFINITE_RECURSION = YES;
				CLANG_WARN_INT_CONVERSION = YES;
				CLANG_WARN_NON_LITERAL_NULL_CONVERSION = YES;
				CLANG_WARN_OBJC_IMPLICIT_RETAIN_SELF = YES;
				CLANG_WARN_OBJC_LITERAL_CONVERSION = YES;
				CLANG_WARN_OBJC_ROOT_CLASS = YES_ERROR;
				CLANG_WARN_QUOTED_INCLUDE_IN_FRAMEWORK_HEADER = YES;
				CLANG_WARN_RANGE_LOOP_ANALYSIS = YES;
				CLANG_WARN_STRICT_PROTOTYPES = YES;
				CLANG_WARN_SUSPICIOUS_MOVE = YES;
				CLANG_WARN_UNGUARDED_AVAILABILITY = YES_AGGRESSIVE;
				CLANG_WARN_UNREACHABLE_CODE = YES;
				CLANG_WARN__DUPLICATE_METHOD_MATCH = YES;
				COPY_PHASE_STRIP = NO;
				DEBUG_INFORMATION_FORMAT = "dwarf-with-dsym";
				ENABLE_NS_ASSERTIONS = NO;
				ENABLE_STRICT_OBJC_MSGSEND = YES;
				GCC_C_LANGUAGE_STANDARD = gnu11;
				GCC_NO_COMMON_BLOCKS = YES;
				GCC_WARN_64_TO_32_BIT_CONVERSION = YES;
				GCC_WARN_ABOUT_RETURN_TYPE = YES_ERROR;
				GCC_WARN_UNDECLARED_SELECTOR = YES;
				GCC_WARN_UNINITIALIZED_AUTOS = YES_AGGRESSIVE;
				GCC_WARN_UNUSED_FUNCTION = YES;
				GCC_WARN_UNUSED_VARIABLE = YES;
				IPHONEOS_DEPLOYMENT_TARGET = 15.2;
				MTL_ENABLE_DEBUG_INFO = NO;
				MTL_FAST_MATH = YES;
				SDKROOT = iphoneos;
				SWIFT_COMPILATION_MODE = wholemodule;
				SWIFT_OPTIMIZATION_LEVEL = "-O";
				VALIDATE_PRODUCT = YES;
			};
			name = Release;
		};
		9981995228002ECB00D9C6C1 /* Debug */ = {
			isa = XCBuildConfiguration;
			buildSettings = {
				ASSETCATALOG_COMPILER_APPICON_NAME = AppIcon;
				ASSETCATALOG_COMPILER_GLOBAL_ACCENT_COLOR_NAME = AccentColor;
				CODE_SIGN_STYLE = Automatic;
				CURRENT_PROJECT_VERSION = 1;
				DEVELOPMENT_TEAM = P289J6CTPZ;
				GENERATE_INFOPLIST_FILE = YES;
				INFOPLIST_FILE = mandiriVIPER/Info.plist;
				INFOPLIST_KEY_UIApplicationSupportsIndirectInputEvents = YES;
				INFOPLIST_KEY_UILaunchStoryboardName = LaunchScreen;
				INFOPLIST_KEY_UIMainStoryboardFile = Main;
				INFOPLIST_KEY_UISupportedInterfaceOrientations_iPad = "UIInterfaceOrientationPortrait UIInterfaceOrientationPortraitUpsideDown UIInterfaceOrientationLandscapeLeft UIInterfaceOrientationLandscapeRight";
				INFOPLIST_KEY_UISupportedInterfaceOrientations_iPhone = "UIInterfaceOrientationPortrait UIInterfaceOrientationLandscapeLeft UIInterfaceOrientationLandscapeRight";
				LD_RUNPATH_SEARCH_PATHS = (
					"$(inherited)",
					"@executable_path/Frameworks",
				);
				MARKETING_VERSION = 1.0;
				PRODUCT_BUNDLE_IDENTIFIER = TSG.mandiriVIPER;
				PRODUCT_NAME = "$(TARGET_NAME)";
				SWIFT_EMIT_LOC_STRINGS = YES;
				SWIFT_VERSION = 5.0;
				TARGETED_DEVICE_FAMILY = "1,2";
			};
			name = Debug;
		};
		9981995328002ECB00D9C6C1 /* Release */ = {
			isa = XCBuildConfiguration;
			buildSettings = {
				ASSETCATALOG_COMPILER_APPICON_NAME = AppIcon;
				ASSETCATALOG_COMPILER_GLOBAL_ACCENT_COLOR_NAME = AccentColor;
				CODE_SIGN_STYLE = Automatic;
				CURRENT_PROJECT_VERSION = 1;
				DEVELOPMENT_TEAM = P289J6CTPZ;
				GENERATE_INFOPLIST_FILE = YES;
				INFOPLIST_FILE = mandiriVIPER/Info.plist;
				INFOPLIST_KEY_UIApplicationSupportsIndirectInputEvents = YES;
				INFOPLIST_KEY_UILaunchStoryboardName = LaunchScreen;
				INFOPLIST_KEY_UIMainStoryboardFile = Main;
				INFOPLIST_KEY_UISupportedInterfaceOrientations_iPad = "UIInterfaceOrientationPortrait UIInterfaceOrientationPortraitUpsideDown UIInterfaceOrientationLandscapeLeft UIInterfaceOrientationLandscapeRight";
				INFOPLIST_KEY_UISupportedInterfaceOrientations_iPhone = "UIInterfaceOrientationPortrait UIInterfaceOrientationLandscapeLeft UIInterfaceOrientationLandscapeRight";
				LD_RUNPATH_SEARCH_PATHS = (
					"$(inherited)",
					"@executable_path/Frameworks",
				);
				MARKETING_VERSION = 1.0;
				PRODUCT_BUNDLE_IDENTIFIER = TSG.mandiriVIPER;
				PRODUCT_NAME = "$(TARGET_NAME)";
				SWIFT_EMIT_LOC_STRINGS = YES;
				SWIFT_VERSION = 5.0;
				TARGETED_DEVICE_FAMILY = "1,2";
			};
			name = Release;
		};
		9981995528002ECB00D9C6C1 /* Debug */ = {
			isa = XCBuildConfiguration;
			buildSettings = {
				ALWAYS_EMBED_SWIFT_STANDARD_LIBRARIES = YES;
				BUNDLE_LOADER = "$(TEST_HOST)";
				CODE_SIGN_STYLE = Automatic;
				CURRENT_PROJECT_VERSION = 1;
				DEVELOPMENT_TEAM = P289J6CTPZ;
				GENERATE_INFOPLIST_FILE = YES;
				IPHONEOS_DEPLOYMENT_TARGET = 15.2;
				MARKETING_VERSION = 1.0;
				PRODUCT_BUNDLE_IDENTIFIER = TSG.mandiriVIPERTests;
				PRODUCT_NAME = "$(TARGET_NAME)";
				SWIFT_EMIT_LOC_STRINGS = NO;
				SWIFT_VERSION = 5.0;
				TARGETED_DEVICE_FAMILY = "1,2";
				TEST_HOST = "$(BUILT_PRODUCTS_DIR)/mandiriVIPER.app/mandiriVIPER";
			};
			name = Debug;
		};
		9981995628002ECB00D9C6C1 /* Release */ = {
			isa = XCBuildConfiguration;
			buildSettings = {
				ALWAYS_EMBED_SWIFT_STANDARD_LIBRARIES = YES;
				BUNDLE_LOADER = "$(TEST_HOST)";
				CODE_SIGN_STYLE = Automatic;
				CURRENT_PROJECT_VERSION = 1;
				DEVELOPMENT_TEAM = P289J6CTPZ;
				GENERATE_INFOPLIST_FILE = YES;
				IPHONEOS_DEPLOYMENT_TARGET = 15.2;
				MARKETING_VERSION = 1.0;
				PRODUCT_BUNDLE_IDENTIFIER = TSG.mandiriVIPERTests;
				PRODUCT_NAME = "$(TARGET_NAME)";
				SWIFT_EMIT_LOC_STRINGS = NO;
				SWIFT_VERSION = 5.0;
				TARGETED_DEVICE_FAMILY = "1,2";
				TEST_HOST = "$(BUILT_PRODUCTS_DIR)/mandiriVIPER.app/mandiriVIPER";
			};
			name = Release;
		};
		9981995828002ECB00D9C6C1 /* Debug */ = {
			isa = XCBuildConfiguration;
			buildSettings = {
				ALWAYS_EMBED_SWIFT_STANDARD_LIBRARIES = YES;
				CODE_SIGN_STYLE = Automatic;
				CURRENT_PROJECT_VERSION = 1;
				DEVELOPMENT_TEAM = P289J6CTPZ;
				GENERATE_INFOPLIST_FILE = YES;
				MARKETING_VERSION = 1.0;
				PRODUCT_BUNDLE_IDENTIFIER = TSG.mandiriVIPERUITests;
				PRODUCT_NAME = "$(TARGET_NAME)";
				SWIFT_EMIT_LOC_STRINGS = NO;
				SWIFT_VERSION = 5.0;
				TARGETED_DEVICE_FAMILY = "1,2";
				TEST_TARGET_NAME = mandiriVIPER;
			};
			name = Debug;
		};
		9981995928002ECB00D9C6C1 /* Release */ = {
			isa = XCBuildConfiguration;
			buildSettings = {
				ALWAYS_EMBED_SWIFT_STANDARD_LIBRARIES = YES;
				CODE_SIGN_STYLE = Automatic;
				CURRENT_PROJECT_VERSION = 1;
				DEVELOPMENT_TEAM = P289J6CTPZ;
				GENERATE_INFOPLIST_FILE = YES;
				MARKETING_VERSION = 1.0;
				PRODUCT_BUNDLE_IDENTIFIER = TSG.mandiriVIPERUITests;
				PRODUCT_NAME = "$(TARGET_NAME)";
				SWIFT_EMIT_LOC_STRINGS = NO;
				SWIFT_VERSION = 5.0;
				TARGETED_DEVICE_FAMILY = "1,2";
				TEST_TARGET_NAME = mandiriVIPER;
			};
			name = Release;
		};
/* End XCBuildConfiguration section */

/* Begin XCConfigurationList section */
		9981991F28002EC900D9C6C1 /* Build configuration list for PBXProject "mandiriVIPER" */ = {
			isa = XCConfigurationList;
			buildConfigurations = (
				9981994F28002ECB00D9C6C1 /* Debug */,
				9981995028002ECB00D9C6C1 /* Release */,
			);
			defaultConfigurationIsVisible = 0;
			defaultConfigurationName = Release;
		};
		9981995128002ECB00D9C6C1 /* Build configuration list for PBXNativeTarget "mandiriVIPER" */ = {
			isa = XCConfigurationList;
			buildConfigurations = (
				9981995228002ECB00D9C6C1 /* Debug */,
				9981995328002ECB00D9C6C1 /* Release */,
			);
			defaultConfigurationIsVisible = 0;
			defaultConfigurationName = Release;
		};
		9981995428002ECB00D9C6C1 /* Build configuration list for PBXNativeTarget "mandiriVIPERTests" */ = {
			isa = XCConfigurationList;
			buildConfigurations = (
				9981995528002ECB00D9C6C1 /* Debug */,
				9981995628002ECB00D9C6C1 /* Release */,
			);
			defaultConfigurationIsVisible = 0;
			defaultConfigurationName = Release;
		};
		9981995728002ECB00D9C6C1 /* Build configuration list for PBXNativeTarget "mandiriVIPERUITests" */ = {
			isa = XCConfigurationList;
			buildConfigurations = (
				9981995828002ECB00D9C6C1 /* Debug */,
				9981995928002ECB00D9C6C1 /* Release */,
			);
			defaultConfigurationIsVisible = 0;
			defaultConfigurationName = Release;
		};
/* End XCConfigurationList section */

/* Begin XCVersionGroup section */
		9981993028002ECA00D9C6C1 /* mandiriVIPER.xcdatamodeld */ = {
			isa = XCVersionGroup;
			children = (
				9981993128002ECA00D9C6C1 /* mandiriVIPER.xcdatamodel */,
			);
			currentVersion = 9981993128002ECA00D9C6C1 /* mandiriVIPER.xcdatamodel */;
			path = mandiriVIPER.xcdatamodeld;
			sourceTree = "<group>";
			versionGroupType = wrapper.xcdatamodel;
		};
/* End XCVersionGroup section */
	};
	rootObject = 9981991C28002EC900D9C6C1 /* Project object */;
}
